
Microsoft Visual Studio Solution File, Format Version 12.00
# Visual Studio 15
VisualStudioVersion = 15.0.28307.168
MinimumVisualStudioVersion = 10.0.40219.1
Project("{8BC9CEB8-8B4A-11D0-8D11-00A0C91BC942}") = "ScreenTranslater", "ScreenTranslater\ScreenTranslater.vcxproj", "{0D4851F2-21C6-4947-AFA4-5FA104124DBD}"
EndProject
Project("{8BC9CEB8-8B4A-11D0-8D11-00A0C91BC942}") = "OCR", "OCR\OCR.vcxproj", "{DA3CDFE5-2619-4F6A-8A8C-E97E60E50A90}"
EndProject
Project("{8BC9CEB8-8B4A-11D0-8D11-00A0C91BC942}") = "TextOverlay", "TextOverlay\TextOverlay.vcxproj", "{C73055EF-6BB8-4738-AF9D-19251424E98F}"
EndProject
Project("{8BC9CEB8-8B4A-11D0-8D11-00A0C91BC942}") = "Translate", "Translate\Translate.vcxproj", "{BE63A238-3446-405C-A08A-47D66B491FED}"
EndProject
Global
	GlobalSection(SolutionConfigurationPlatforms) = preSolution
		Debug|x86 = Debug|x86
		Release|x86 = Release|x86
	EndGlobalSection
	GlobalSection(ProjectConfigurationPlatforms) = postSolution
		{0D4851F2-21C6-4947-AFA4-5FA104124DBD}.Debug|x86.ActiveCfg = Debug|Win32
		{0D4851F2-21C6-4947-AFA4-5FA104124DBD}.Debug|x86.Build.0 = Debug|Win32
		{0D4851F2-21C6-4947-AFA4-5FA104124DBD}.Release|x86.ActiveCfg = Release|Win32
		{0D4851F2-21C6-4947-AFA4-5FA104124DBD}.Release|x86.Build.0 = Release|Win32
		{DA3CDFE5-2619-4F6A-8A8C-E97E60E50A90}.Debug|x86.ActiveCfg = Debug|Win32
		{DA3CDFE5-2619-4F6A-8A8C-E97E60E50A90}.Debug|x86.Build.0 = Debug|Win32
		{DA3CDFE5-2619-4F6A-8A8C-E97E60E50A90}.Release|x86.ActiveCfg = Release|Win32
		{DA3CDFE5-2619-4F6A-8A8C-E97E60E50A90}.Release|x86.Build.0 = Release|Win32
		{C73055EF-6BB8-4738-AF9D-19251424E98F}.Debug|x86.ActiveCfg = Debug|Win32
		{C73055EF-6BB8-4738-AF9D-19251424E98F}.Debug|x86.Build.0 = Debug|Win32
		{C73055EF-6BB8-4738-AF9D-19251424E98F}.Release|x86.ActiveCfg = Release|Win32
		{C73055EF-6BB8-4738-AF9D-19251424E98F}.Release|x86.Build.0 = Release|Win32
		{BE63A238-3446-405C-A08A-47D66B491FED}.Debug|x86.ActiveCfg = Debug|Win32
		{BE63A238-3446-405C-A08A-47D66B491FED}.Debug|x86.Build.0 = Debug|Win32
		{BE63A238-3446-405C-A08A-47D66B491FED}.Release|x86.ActiveCfg = Release|Win32
		{BE63A238-3446-405C-A08A-47D66B491FED}.Release|x86.Build.0 = Release|Win32
	EndGlobalSection
	GlobalSection(SolutionProperties) = preSolution
		HideSolutionNode = FALSE
	EndGlobalSection
	GlobalSection(ExtensibilityGlobals) = postSolution
		SolutionGuid = {3F5B2182-DE65-4F80-A309-2B8E97557FB9}
	EndGlobalSection
EndGlobal
